// !$*UTF8*$!
{
	archiveVersion = 1;
	classes = {
	};
	objectVersion = 48;
	objects = {

/* Begin PBXBuildFile section */
		14DAFEA61EFE9668008DD159 /* AppDelegate.swift in Sources */ = {isa = PBXBuildFile; fileRef = 14DAFEA51EFE9668008DD159 /* AppDelegate.swift */; };
		14DAFEA81EFE9668008DD159 /* ViewController.swift in Sources */ = {isa = PBXBuildFile; fileRef = 14DAFEA71EFE9668008DD159 /* ViewController.swift */; };
		14DAFEAB1EFE9668008DD159 /* Main.storyboard in Resources */ = {isa = PBXBuildFile; fileRef = 14DAFEA91EFE9668008DD159 /* Main.storyboard */; };
		14DAFEAD1EFE9668008DD159 /* Assets.xcassets in Resources */ = {isa = PBXBuildFile; fileRef = 14DAFEAC1EFE9668008DD159 /* Assets.xcassets */; };
		14DAFEB01EFE9668008DD159 /* LaunchScreen.storyboard in Resources */ = {isa = PBXBuildFile; fileRef = 14DAFEAE1EFE9668008DD159 /* LaunchScreen.storyboard */; };
		14DAFEBB1EFE9668008DD159 /* Demo4CoreMLTests.swift in Sources */ = {isa = PBXBuildFile; fileRef = 14DAFEBA1EFE9668008DD159 /* Demo4CoreMLTests.swift */; };
		14DAFEC81EFE96A7008DD159 /* DetectViewController.swift in Sources */ = {isa = PBXBuildFile; fileRef = 14DAFEC71EFE96A7008DD159 /* DetectViewController.swift */; };
		14DAFECC1EFE9743008DD159 /* GoogLeNetPlaces.mlmodel in Sources */ = {isa = PBXBuildFile; fileRef = 14DAFECB1EFE971F008DD159 /* GoogLeNetPlaces.mlmodel */; };
		14DAFECE1EFE9759008DD159 /* Inceptionv3.mlmodel in Sources */ = {isa = PBXBuildFile; fileRef = 14DAFECD1EFE9756008DD159 /* Inceptionv3.mlmodel */; };
		14DAFED41EFE9962008DD159 /* AVCaptureDevice+Extension.swift in Sources */ = {isa = PBXBuildFile; fileRef = 14DAFED11EFE9851008DD159 /* AVCaptureDevice+Extension.swift */; };
		14DAFED51EFE9962008DD159 /* VideoCapture.swift in Sources */ = {isa = PBXBuildFile; fileRef = 14DAFED21EFE9851008DD159 /* VideoCapture.swift */; };
		14DAFED71EFE9962008DD159 /* VideoCameraType.swift in Sources */ = {isa = PBXBuildFile; fileRef = 14DAFED31EFE9851008DD159 /* VideoCameraType.swift */; };
		14DAFED91EFE9A8B008DD159 /* CaremaViewController.swift in Sources */ = {isa = PBXBuildFile; fileRef = 14DAFED81EFE9A8B008DD159 /* CaremaViewController.swift */; };
/* End PBXBuildFile section */

/* Begin PBXContainerItemProxy section */
		14DAFEB71EFE9668008DD159 /* PBXContainerItemProxy */ = {
			isa = PBXContainerItemProxy;
			containerPortal = 14DAFE9A1EFE9668008DD159 /* Project object */;
			proxyType = 1;
			remoteGlobalIDString = 14DAFEA11EFE9668008DD159;
			remoteInfo = Demo4CoreML;
		};
/* End PBXContainerItemProxy section */

/* Begin PBXFileReference section */
		14DAFEA21EFE9668008DD159 /* Demo4CoreML.app */ = {isa = PBXFileReference; explicitFileType = wrapper.application; includeInIndex = 0; path = Demo4CoreML.app; sourceTree = BUILT_PRODUCTS_DIR; };
		14DAFEA51EFE9668008DD159 /* AppDelegate.swift */ = {isa = PBXFileReference; lastKnownFileType = sourcecode.swift; path = AppDelegate.swift; sourceTree = "<group>"; };
		14DAFEA71EFE9668008DD159 /* ViewController.swift */ = {isa = PBXFileReference; lastKnownFileType = sourcecode.swift; path = ViewController.swift; sourceTree = "<group>"; };
		14DAFEAA1EFE9668008DD159 /* Base */ = {isa = PBXFileReference; lastKnownFileType = file.storyboard; name = Base; path = Base.lproj/Main.storyboard; sourceTree = "<group>"; };
		14DAFEAC1EFE9668008DD159 /* Assets.xcassets */ = {isa = PBXFileReference; lastKnownFileType = folder.assetcatalog; path = Assets.xcassets; sourceTree = "<group>"; };
		14DAFEAF1EFE9668008DD159 /* Base */ = {isa = PBXFileReference; lastKnownFileType = file.storyboard; name = Base; path = Base.lproj/LaunchScreen.storyboard; sourceTree = "<group>"; };
		14DAFEB11EFE9668008DD159 /* Info.plist */ = {isa = PBXFileReference; lastKnownFileType = text.plist.xml; path = Info.plist; sourceTree = "<group>"; };
		14DAFEB61EFE9668008DD159 /* Demo4CoreMLTests.xctest */ = {isa = PBXFileReference; explicitFileType = wrapper.cfbundle; includeInIndex = 0; path = Demo4CoreMLTests.xctest; sourceTree = BUILT_PRODUCTS_DIR; };
		14DAFEBA1EFE9668008DD159 /* Demo4CoreMLTests.swift */ = {isa = PBXFileReference; lastKnownFileType = sourcecode.swift; path = Demo4CoreMLTests.swift; sourceTree = "<group>"; };
		14DAFEBC1EFE9668008DD159 /* Info.plist */ = {isa = PBXFileReference; lastKnownFileType = text.plist.xml; path = Info.plist; sourceTree = "<group>"; };
		14DAFEC71EFE96A7008DD159 /* DetectViewController.swift */ = {isa = PBXFileReference; lastKnownFileType = sourcecode.swift; path = DetectViewController.swift; sourceTree = "<group>"; };
		14DAFECB1EFE971F008DD159 /* GoogLeNetPlaces.mlmodel */ = {isa = PBXFileReference; lastKnownFileType = file.mlmodel; path = GoogLeNetPlaces.mlmodel; sourceTree = "<group>"; };
		14DAFECD1EFE9756008DD159 /* Inceptionv3.mlmodel */ = {isa = PBXFileReference; lastKnownFileType = file.mlmodel; path = Inceptionv3.mlmodel; sourceTree = "<group>"; };
		14DAFED11EFE9851008DD159 /* AVCaptureDevice+Extension.swift */ = {isa = PBXFileReference; lastKnownFileType = sourcecode.swift; path = "AVCaptureDevice+Extension.swift"; sourceTree = "<group>"; };
		14DAFED21EFE9851008DD159 /* VideoCapture.swift */ = {isa = PBXFileReference; lastKnownFileType = sourcecode.swift; path = VideoCapture.swift; sourceTree = "<group>"; };
		14DAFED31EFE9851008DD159 /* VideoCameraType.swift */ = {isa = PBXFileReference; lastKnownFileType = sourcecode.swift; path = VideoCameraType.swift; sourceTree = "<group>"; };
		14DAFED81EFE9A8B008DD159 /* CaremaViewController.swift */ = {isa = PBXFileReference; lastKnownFileType = sourcecode.swift; path = CaremaViewController.swift; sourceTree = "<group>"; };
/* End PBXFileReference section */

/* Begin PBXFrameworksBuildPhase section */
		14DAFE9F1EFE9668008DD159 /* Frameworks */ = {
			isa = PBXFrameworksBuildPhase;
			buildActionMask = 2147483647;
			files = (
			);
			runOnlyForDeploymentPostprocessing = 0;
		};
		14DAFEB31EFE9668008DD159 /* Frameworks */ = {
			isa = PBXFrameworksBuildPhase;
			buildActionMask = 2147483647;
			files = (
			);
			runOnlyForDeploymentPostprocessing = 0;
		};
/* End PBXFrameworksBuildPhase section */

/* Begin PBXGroup section */
		14DAFE991EFE9668008DD159 = {
			isa = PBXGroup;
			children = (
				14DAFEA41EFE9668008DD159 /* Demo4CoreML */,
				14DAFEB91EFE9668008DD159 /* Demo4CoreMLTests */,
				14DAFEA31EFE9668008DD159 /* Products */,
			);
			sourceTree = "<group>";
		};
		14DAFEA31EFE9668008DD159 /* Products */ = {
			isa = PBXGroup;
			children = (
				14DAFEA21EFE9668008DD159 /* Demo4CoreML.app */,
				14DAFEB61EFE9668008DD159 /* Demo4CoreMLTests.xctest */,
			);
			name = Products;
			sourceTree = "<group>";
		};
		14DAFEA41EFE9668008DD159 /* Demo4CoreML */ = {
			isa = PBXGroup;
			children = (
				14DAFECD1EFE9756008DD159 /* Inceptionv3.mlmodel */,
				14DAFECB1EFE971F008DD159 /* GoogLeNetPlaces.mlmodel */,
				14DAFEC51EFE9685008DD159 /* Module */,
				14DAFEA51EFE9668008DD159 /* AppDelegate.swift */,
				14DAFEA71EFE9668008DD159 /* ViewController.swift */,
				14DAFEA91EFE9668008DD159 /* Main.storyboard */,
				14DAFEAC1EFE9668008DD159 /* Assets.xcassets */,
				14DAFEAE1EFE9668008DD159 /* LaunchScreen.storyboard */,
				14DAFEB11EFE9668008DD159 /* Info.plist */,
			);
			path = Demo4CoreML;
			sourceTree = "<group>";
		};
		14DAFEB91EFE9668008DD159 /* Demo4CoreMLTests */ = {
			isa = PBXGroup;
			children = (
				14DAFEBA1EFE9668008DD159 /* Demo4CoreMLTests.swift */,
				14DAFEBC1EFE9668008DD159 /* Info.plist */,
			);
			path = Demo4CoreMLTests;
			sourceTree = "<group>";
		};
		14DAFEC51EFE9685008DD159 /* Module */ = {
			isa = PBXGroup;
			children = (
				14DAFEC61EFE968F008DD159 /* Detect */,
				14DAFECF1EFE981F008DD159 /* Video */,
			);
			path = Module;
			sourceTree = "<group>";
		};
		14DAFEC61EFE968F008DD159 /* Detect */ = {
			isa = PBXGroup;
			children = (
				14DAFEC71EFE96A7008DD159 /* DetectViewController.swift */,
			);
			path = Detect;
			sourceTree = "<group>";
		};
		14DAFECF1EFE981F008DD159 /* Video */ = {
			isa = PBXGroup;
			children = (
				14DAFED81EFE9A8B008DD159 /* CaremaViewController.swift */,
				14DAFED11EFE9851008DD159 /* AVCaptureDevice+Extension.swift */,
				14DAFED21EFE9851008DD159 /* VideoCapture.swift */,
				14DAFED31EFE9851008DD159 /* VideoCameraType.swift */,
			);
			path = Video;
			sourceTree = "<group>";
		};
/* End PBXGroup section */

/* Begin PBXNativeTarget section */
		14DAFEA11EFE9668008DD159 /* Demo4CoreML */ = {
			isa = PBXNativeTarget;
			buildConfigurationList = 14DAFEBF1EFE9668008DD159 /* Build configuration list for PBXNativeTarget "Demo4CoreML" */;
			buildPhases = (
				14DAFE9E1EFE9668008DD159 /* Sources */,
				14DAFE9F1EFE9668008DD159 /* Frameworks */,
				14DAFEA01EFE9668008DD159 /* Resources */,
			);
			buildRules = (
			);
			dependencies = (
			);
			name = Demo4CoreML;
			productName = Demo4CoreML;
			productReference = 14DAFEA21EFE9668008DD159 /* Demo4CoreML.app */;
			productType = "com.apple.product-type.application";
		};
		14DAFEB51EFE9668008DD159 /* Demo4CoreMLTests */ = {
			isa = PBXNativeTarget;
			buildConfigurationList = 14DAFEC21EFE9668008DD159 /* Build configuration list for PBXNativeTarget "Demo4CoreMLTests" */;
			buildPhases = (
				14DAFEB21EFE9668008DD159 /* Sources */,
				14DAFEB31EFE9668008DD159 /* Frameworks */,
				14DAFEB41EFE9668008DD159 /* Resources */,
			);
			buildRules = (
			);
			dependencies = (
				14DAFEB81EFE9668008DD159 /* PBXTargetDependency */,
			);
			name = Demo4CoreMLTests;
			productName = Demo4CoreMLTests;
			productReference = 14DAFEB61EFE9668008DD159 /* Demo4CoreMLTests.xctest */;
			productType = "com.apple.product-type.bundle.unit-test";
		};
/* End PBXNativeTarget section */

/* Begin PBXProject section */
		14DAFE9A1EFE9668008DD159 /* Project object */ = {
			isa = PBXProject;
			attributes = {
				LastSwiftUpdateCheck = 0900;
				LastUpgradeCheck = 0900;
				ORGANIZATIONNAME = Seven;
				TargetAttributes = {
					14DAFEA11EFE9668008DD159 = {
						CreatedOnToolsVersion = 9.0;
					};
					14DAFEB51EFE9668008DD159 = {
						CreatedOnToolsVersion = 9.0;
						TestTargetID = 14DAFEA11EFE9668008DD159;
					};
				};
			};
			buildConfigurationList = 14DAFE9D1EFE9668008DD159 /* Build configuration list for PBXProject "Demo4CoreML" */;
			compatibilityVersion = "Xcode 8.0";
			developmentRegion = en;
			hasScannedForEncodings = 0;
			knownRegions = (
				en,
				Base,
			);
			mainGroup = 14DAFE991EFE9668008DD159;
			productRefGroup = 14DAFEA31EFE9668008DD159 /* Products */;
			projectDirPath = "";
			projectRoot = "";
			targets = (
				14DAFEA11EFE9668008DD159 /* Demo4CoreML */,
				14DAFEB51EFE9668008DD159 /* Demo4CoreMLTests */,
			);
		};
/* End PBXProject section */

/* Begin PBXResourcesBuildPhase section */
		14DAFEA01EFE9668008DD159 /* Resources */ = {
			isa = PBXResourcesBuildPhase;
			buildActionMask = 2147483647;
			files = (
				14DAFEB01EFE9668008DD159 /* LaunchScreen.storyboard in Resources */,
				14DAFEAD1EFE9668008DD159 /* Assets.xcassets in Resources */,
				14DAFEAB1EFE9668008DD159 /* Main.storyboard in Resources */,
			);
			runOnlyForDeploymentPostprocessing = 0;
		};
		14DAFEB41EFE9668008DD159 /* Resources */ = {
			isa = PBXResourcesBuildPhase;
			buildActionMask = 2147483647;
			files = (
			);
			runOnlyForDeploymentPostprocessing = 0;
		};
/* End PBXResourcesBuildPhase section */

/* Begin PBXSourcesBuildPhase section */
		14DAFE9E1EFE9668008DD159 /* Sources */ = {
			isa = PBXSourcesBuildPhase;
			buildActionMask = 2147483647;
			files = (
				14DAFED41EFE9962008DD159 /* AVCaptureDevice+Extension.swift in Sources */,
				14DAFED51EFE9962008DD159 /* VideoCapture.swift in Sources */,
				14DAFED91EFE9A8B008DD159 /* CaremaViewController.swift in Sources */,
				14DAFED71EFE9962008DD159 /* VideoCameraType.swift in Sources */,
				14DAFECE1EFE9759008DD159 /* Inceptionv3.mlmodel in Sources */,
				14DAFEA81EFE9668008DD159 /* ViewController.swift in Sources */,
				14DAFEA61EFE9668008DD159 /* AppDelegate.swift in Sources */,
				14DAFEC81EFE96A7008DD159 /* DetectViewController.swift in Sources */,
				14DAFECC1EFE9743008DD159 /* GoogLeNetPlaces.mlmodel in Sources */,
			);
			runOnlyForDeploymentPostprocessing = 0;
		};
		14DAFEB21EFE9668008DD159 /* Sources */ = {
			isa = PBXSourcesBuildPhase;
			buildActionMask = 2147483647;
			files = (
				14DAFEBB1EFE9668008DD159 /* Demo4CoreMLTests.swift in Sources */,
			);
			runOnlyForDeploymentPostprocessing = 0;
		};
/* End PBXSourcesBuildPhase section */

/* Begin PBXTargetDependency section */
		14DAFEB81EFE9668008DD159 /* PBXTargetDependency */ = {
			isa = PBXTargetDependency;
			target = 14DAFEA11EFE9668008DD159 /* Demo4CoreML */;
			targetProxy = 14DAFEB71EFE9668008DD159 /* PBXContainerItemProxy */;
		};
/* End PBXTargetDependency section */

/* Begin PBXVariantGroup section */
		14DAFEA91EFE9668008DD159 /* Main.storyboard */ = {
			isa = PBXVariantGroup;
			children = (
				14DAFEAA1EFE9668008DD159 /* Base */,
			);
			name = Main.storyboard;
			sourceTree = "<group>";
		};
		14DAFEAE1EFE9668008DD159 /* LaunchScreen.storyboard */ = {
			isa = PBXVariantGroup;
			children = (
				14DAFEAF1EFE9668008DD159 /* Base */,
			);
			name = LaunchScreen.storyboard;
			sourceTree = "<group>";
		};
/* End PBXVariantGroup section */

/* Begin XCBuildConfiguration section */
		14DAFEBD1EFE9668008DD159 /* Debug */ = {
			isa = XCBuildConfiguration;
			buildSettings = {
				ALWAYS_SEARCH_USER_PATHS = NO;
				CLANG_ANALYZER_NONNULL = YES;
				CLANG_ANALYZER_NUMBER_OBJECT_CONVERSION = YES_AGGRESSIVE;
				CLANG_CXX_LANGUAGE_STANDARD = "gnu++14";
				CLANG_CXX_LIBRARY = "libc++";
				CLANG_ENABLE_MODULES = YES;
				CLANG_ENABLE_OBJC_ARC = YES;
				CLANG_WARN_BLOCK_CAPTURE_AUTORELEASING = YES;
				CLANG_WARN_BOOL_CONVERSION = YES;
				CLANG_WARN_COMMA = YES;
				CLANG_WARN_CONSTANT_CONVERSION = YES;
				CLANG_WARN_DIRECT_OBJC_ISA_USAGE = YES_ERROR;
				CLANG_WARN_DOCUMENTATION_COMMENTS = YES;
				CLANG_WARN_EMPTY_BODY = YES;
				CLANG_WARN_ENUM_CONVERSION = YES;
				CLANG_WARN_INFINITE_RECURSION = YES;
				CLANG_WARN_INT_CONVERSION = YES;
				CLANG_WARN_OBJC_ROOT_CLASS = YES_ERROR;
				CLANG_WARN_RANGE_LOOP_ANALYSIS = YES;
				CLANG_WARN_STRICT_PROTOTYPES = YES;
				CLANG_WARN_SUSPICIOUS_MOVE = YES;
				CLANG_WARN_UNGUARDED_AVAILABILITY = YES_AGGRESSIVE;
				CLANG_WARN_UNREACHABLE_CODE = YES;
				CLANG_WARN__DUPLICATE_METHOD_MATCH = YES;
				CODE_SIGN_IDENTITY = "iPhone Developer";
				COPY_PHASE_STRIP = NO;
				DEBUG_INFORMATION_FORMAT = dwarf;
				ENABLE_STRICT_OBJC_MSGSEND = YES;
				ENABLE_TESTABILITY = YES;
				GCC_C_LANGUAGE_STANDARD = gnu11;
				GCC_DYNAMIC_NO_PIC = NO;
				GCC_NO_COMMON_BLOCKS = YES;
				GCC_OPTIMIZATION_LEVEL = 0;
				GCC_PREPROCESSOR_DEFINITIONS = (
					"DEBUG=1",
					"$(inherited)",
				);
				GCC_WARN_64_TO_32_BIT_CONVERSION = YES;
				GCC_WARN_ABOUT_RETURN_TYPE = YES_ERROR;
				GCC_WARN_UNDECLARED_SELECTOR = YES;
				GCC_WARN_UNINITIALIZED_AUTOS = YES_AGGRESSIVE;
				GCC_WARN_UNUSED_FUNCTION = YES;
				GCC_WARN_UNUSED_VARIABLE = YES;
				IPHONEOS_DEPLOYMENT_TARGET = 11.0;
				MTL_ENABLE_DEBUG_INFO = YES;
				ONLY_ACTIVE_ARCH = YES;
				SDKROOT = iphoneos;
				SWIFT_ACTIVE_COMPILATION_CONDITIONS = DEBUG;
				SWIFT_OPTIMIZATION_LEVEL = "-Onone";
			};
			name = Debug;
		};
		14DAFEBE1EFE9668008DD159 /* Release */ = {
			isa = XCBuildConfiguration;
			buildSettings = {
				ALWAYS_SEARCH_USER_PATHS = NO;
				CLANG_ANALYZER_NONNULL = YES;
				CLANG_ANALYZER_NUMBER_OBJECT_CONVERSION = YES_AGGRESSIVE;
				CLANG_CXX_LANGUAGE_STANDARD = "gnu++14";
				CLANG_CXX_LIBRARY = "libc++";
				CLANG_ENABLE_MODULES = YES;
				CLANG_ENABLE_OBJC_ARC = YES;
				CLANG_WARN_BLOCK_CAPTURE_AUTORELEASING = YES;
				CLANG_WARN_BOOL_CONVERSION = YES;
				CLANG_WARN_COMMA = YES;
				CLANG_WARN_CONSTANT_CONVERSION = YES;
				CLANG_WARN_DIRECT_OBJC_ISA_USAGE = YES_ERROR;
				CLANG_WARN_DOCUMENTATION_COMMENTS = YES;
				CLANG_WARN_EMPTY_BODY = YES;
				CLANG_WARN_ENUM_CONVERSION = YES;
				CLANG_WARN_INFINITE_RECURSION = YES;
				CLANG_WARN_INT_CONVERSION = YES;
				CLANG_WARN_OBJC_ROOT_CLASS = YES_ERROR;
				CLANG_WARN_RANGE_LOOP_ANALYSIS = YES;
				CLANG_WARN_STRICT_PROTOTYPES = YES;
				CLANG_WARN_SUSPICIOUS_MOVE = YES;
				CLANG_WARN_UNGUARDED_AVAILABILITY = YES_AGGRESSIVE;
				CLANG_WARN_UNREACHABLE_CODE = YES;
				CLANG_WARN__DUPLICATE_METHOD_MATCH = YES;
				CODE_SIGN_IDENTITY = "iPhone Developer";
				COPY_PHASE_STRIP = NO;
				DEBUG_INFORMATION_FORMAT = "dwarf-with-dsym";
				ENABLE_NS_ASSERTIONS = NO;
				ENABLE_STRICT_OBJC_MSGSEND = YES;
				GCC_C_LANGUAGE_STANDARD = gnu11;
				GCC_NO_COMMON_BLOCKS = YES;
				GCC_WARN_64_TO_32_BIT_CONVERSION = YES;
				GCC_WARN_ABOUT_RETURN_TYPE = YES_ERROR;
				GCC_WARN_UNDECLARED_SELECTOR = YES;
				GCC_WARN_UNINITIALIZED_AUTOS = YES_AGGRESSIVE;
				GCC_WARN_UNUSED_FUNCTION = YES;
				GCC_WARN_UNUSED_VARIABLE = YES;
				IPHONEOS_DEPLOYMENT_TARGET = 11.0;
				MTL_ENABLE_DEBUG_INFO = NO;
				SDKROOT = iphoneos;
				SWIFT_OPTIMIZATION_LEVEL = "-Owholemodule";
				VALIDATE_PRODUCT = YES;
			};
			name = Release;
		};
		14DAFEC01EFE9668008DD159 /* Debug */ = {
			isa = XCBuildConfiguration;
			buildSettings = {
				ASSETCATALOG_COMPILER_APPICON_NAME = AppIcon;
				DEVELOPMENT_TEAM = 8D3PQJM58X;
				INFOPLIST_FILE = Demo4CoreML/Info.plist;
				LD_RUNPATH_SEARCH_PATHS = "$(inherited) @executable_path/Frameworks";
				PRODUCT_BUNDLE_IDENTIFIER = com.app502.Demo4CoreML;
				PRODUCT_NAME = "$(TARGET_NAME)";
				SWIFT_VERSION = 4.0;
				TARGETED_DEVICE_FAMILY = "1,2";
			};
			name = Debug;
		};
		14DAFEC11EFE9668008DD159 /* Release */ = {
			isa = XCBuildConfiguration;
			buildSettings = {
				ASSETCATALOG_COMPILER_APPICON_NAME = AppIcon;
				DEVELOPMENT_TEAM = 8D3PQJM58X;
				INFOPLIST_FILE = Demo4CoreML/Info.plist;
				LD_RUNPATH_SEARCH_PATHS = "$(inherited) @executable_path/Frameworks";
				PRODUCT_BUNDLE_IDENTIFIER = com.app502.Demo4CoreML;
				PRODUCT_NAME = "$(TARGET_NAME)";
				SWIFT_VERSION = 4.0;
				TARGETED_DEVICE_FAMILY = "1,2";
			};
			name = Release;
		};
		14DAFEC31EFE9668008DD159 /* Debug */ = {
			isa = XCBuildConfiguration;
			buildSettings = {
				ALWAYS_EMBED_SWIFT_STANDARD_LIBRARIES = YES;
				BUNDLE_LOADER = "$(TEST_HOST)";
				INFOPLIST_FILE = Demo4CoreMLTests/Info.plist;
				LD_RUNPATH_SEARCH_PATHS = "$(inherited) @executable_path/Frameworks @loader_path/Frameworks";
				PRODUCT_BUNDLE_IDENTIFIER = com.app502.Demo4CoreMLTests;
				PRODUCT_NAME = "$(TARGET_NAME)";
				SWIFT_VERSION = 4.0;
				TARGETED_DEVICE_FAMILY = "1,2";
				TEST_HOST = "$(BUILT_PRODUCTS_DIR)/Demo4CoreML.app/Demo4CoreML";
			};
			name = Debug;
		};
		14DAFEC41EFE9668008DD159 /* Release */ = {
			isa = XCBuildConfiguration;
			buildSettings = {
				ALWAYS_EMBED_SWIFT_STANDARD_LIBRARIES = YES;
				BUNDLE_LOADER = "$(TEST_HOST)";
				INFOPLIST_FILE = Demo4CoreMLTests/Info.plist;
				LD_RUNPATH_SEARCH_PATHS = "$(inherited) @executable_path/Frameworks @loader_path/Frameworks";
				PRODUCT_BUNDLE_IDENTIFIER = com.app502.Demo4CoreMLTests;
				PRODUCT_NAME = "$(TARGET_NAME)";
				SWIFT_VERSION = 4.0;
				TARGETED_DEVICE_FAMILY = "1,2";
				TEST_HOST = "$(BUILT_PRODUCTS_DIR)/Demo4CoreML.app/Demo4CoreML";
			};
			name = Release;
		};
/* End XCBuildConfiguration section */

/* Begin XCConfigurationList section */
		14DAFE9D1EFE9668008DD159 /* Build configuration list for PBXProject "Demo4CoreML" */ = {
			isa = XCConfigurationList;
			buildConfigurations = (
				14DAFEBD1EFE9668008DD159 /* Debug */,
				14DAFEBE1EFE9668008DD159 /* Release */,
			);
			defaultConfigurationIsVisible = 0;
			defaultConfigurationName = Release;
		};
		14DAFEBF1EFE9668008DD159 /* Build configuration list for PBXNativeTarget "Demo4CoreML" */ = {
			isa = XCConfigurationList;
			buildConfigurations = (
				14DAFEC01EFE9668008DD159 /* Debug */,
				14DAFEC11EFE9668008DD159 /* Release */,
			);
			defaultConfigurationIsVisible = 0;
		};
		14DAFEC21EFE9668008DD159 /* Build configuration list for PBXNativeTarget "Demo4CoreMLTests" */ = {
			isa = XCConfigurationList;
			buildConfigurations = (
				14DAFEC31EFE9668008DD159 /* Debug */,
				14DAFEC41EFE9668008DD159 /* Release */,
			);
			defaultConfigurationIsVisible = 0;
		};
/* End XCConfigurationList section */
	};
	rootObject = 14DAFE9A1EFE9668008DD159 /* Project object */;
}
